// !$*UTF8*$!
{
	archiveVersion = 1;
	classes = {
	};
	objectVersion = 50;
	objects = {

/* Begin PBXBuildFile section */
		11A907352451F0E300D4BF23 /* Extensions.swift in Sources */ = {isa = PBXBuildFile; fileRef = 11A907342451F0E300D4BF23 /* Extensions.swift */; };
		11D21C862450D35900C2E48A /* AddEditController.swift in Sources */ = {isa = PBXBuildFile; fileRef = 11D21C852450D35900C2E48A /* AddEditController.swift */; };
		11D21C892450D38D00C2E48A /* AddEditViewModel.swift in Sources */ = {isa = PBXBuildFile; fileRef = 11D21C882450D38D00C2E48A /* AddEditViewModel.swift */; };
		11D21C8B24519A9400C2E48A /* PeopleViewModel.swift in Sources */ = {isa = PBXBuildFile; fileRef = 11D21C8A24519A9300C2E48A /* PeopleViewModel.swift */; };
		11E353A72450BD42001BD478 /* AppDelegate.swift in Sources */ = {isa = PBXBuildFile; fileRef = 11E353A62450BD42001BD478 /* AppDelegate.swift */; };
		11E353A92450BD42001BD478 /* SceneDelegate.swift in Sources */ = {isa = PBXBuildFile; fileRef = 11E353A82450BD42001BD478 /* SceneDelegate.swift */; };
		11E353AB2450BD42001BD478 /* PeopleController.swift in Sources */ = {isa = PBXBuildFile; fileRef = 11E353AA2450BD42001BD478 /* PeopleController.swift */; };
		11E353AE2450BD42001BD478 /* Main.storyboard in Resources */ = {isa = PBXBuildFile; fileRef = 11E353AC2450BD42001BD478 /* Main.storyboard */; };
		11E353B02450BD45001BD478 /* Assets.xcassets in Resources */ = {isa = PBXBuildFile; fileRef = 11E353AF2450BD45001BD478 /* Assets.xcassets */; };
		11E353B32450BD45001BD478 /* LaunchScreen.storyboard in Resources */ = {isa = PBXBuildFile; fileRef = 11E353B12450BD45001BD478 /* LaunchScreen.storyboard */; };
		11E353BC2450C170001BD478 /* InspiringPerson.swift in Sources */ = {isa = PBXBuildFile; fileRef = 11E353BB2450C170001BD478 /* InspiringPerson.swift */; };
		11E353BF2450C1C7001BD478 /* ImageSaver.swift in Sources */ = {isa = PBXBuildFile; fileRef = 11E353BE2450C1C7001BD478 /* ImageSaver.swift */; };
		11E353C12450C1D6001BD478 /* Helper.swift in Sources */ = {isa = PBXBuildFile; fileRef = 11E353C02450C1D6001BD478 /* Helper.swift */; };
		11E353C32450C1EE001BD478 /* PersonCell.swift in Sources */ = {isa = PBXBuildFile; fileRef = 11E353C22450C1EE001BD478 /* PersonCell.swift */; };
		11E353C62450C83E001BD478 /* PeopleRepo.swift in Sources */ = {isa = PBXBuildFile; fileRef = 11E353C52450C83E001BD478 /* PeopleRepo.swift */; };
/* End PBXBuildFile section */

/* Begin PBXFileReference section */
		11A907342451F0E300D4BF23 /* Extensions.swift */ = {isa = PBXFileReference; lastKnownFileType = sourcecode.swift; path = Extensions.swift; sourceTree = "<group>"; };
		11D21C852450D35900C2E48A /* AddEditController.swift */ = {isa = PBXFileReference; lastKnownFileType = sourcecode.swift; path = AddEditController.swift; sourceTree = "<group>"; };
		11D21C882450D38D00C2E48A /* AddEditViewModel.swift */ = {isa = PBXFileReference; lastKnownFileType = sourcecode.swift; path = AddEditViewModel.swift; sourceTree = "<group>"; };
		11D21C8A24519A9300C2E48A /* PeopleViewModel.swift */ = {isa = PBXFileReference; lastKnownFileType = sourcecode.swift; path = PeopleViewModel.swift; sourceTree = "<group>"; };
		11E353A32450BD42001BD478 /* LV2.app */ = {isa = PBXFileReference; explicitFileType = wrapper.application; includeInIndex = 0; path = LV2.app; sourceTree = BUILT_PRODUCTS_DIR; };
		11E353A62450BD42001BD478 /* AppDelegate.swift */ = {isa = PBXFileReference; lastKnownFileType = sourcecode.swift; path = AppDelegate.swift; sourceTree = "<group>"; };
		11E353A82450BD42001BD478 /* SceneDelegate.swift */ = {isa = PBXFileReference; lastKnownFileType = sourcecode.swift; path = SceneDelegate.swift; sourceTree = "<group>"; };
		11E353AA2450BD42001BD478 /* PeopleController.swift */ = {isa = PBXFileReference; lastKnownFileType = sourcecode.swift; path = PeopleController.swift; sourceTree = "<group>"; };
		11E353AD2450BD42001BD478 /* Base */ = {isa = PBXFileReference; lastKnownFileType = file.storyboard; name = Base; path = Base.lproj/Main.storyboard; sourceTree = "<group>"; };
		11E353AF2450BD45001BD478 /* Assets.xcassets */ = {isa = PBXFileReference; lastKnownFileType = folder.assetcatalog; path = Assets.xcassets; sourceTree = "<group>"; };
		11E353B22450BD45001BD478 /* Base */ = {isa = PBXFileReference; lastKnownFileType = file.storyboard; name = Base; path = Base.lproj/LaunchScreen.storyboard; sourceTree = "<group>"; };
		11E353B42450BD45001BD478 /* Info.plist */ = {isa = PBXFileReference; lastKnownFileType = text.plist.xml; path = Info.plist; sourceTree = "<group>"; };
		11E353BB2450C170001BD478 /* InspiringPerson.swift */ = {isa = PBXFileReference; lastKnownFileType = sourcecode.swift; path = InspiringPerson.swift; sourceTree = "<group>"; };
		11E353BE2450C1C7001BD478 /* ImageSaver.swift */ = {isa = PBXFileReference; lastKnownFileType = sourcecode.swift; path = ImageSaver.swift; sourceTree = "<group>"; };
		11E353C02450C1D6001BD478 /* Helper.swift */ = {isa = PBXFileReference; lastKnownFileType = sourcecode.swift; path = Helper.swift; sourceTree = "<group>"; };
		11E353C22450C1EE001BD478 /* PersonCell.swift */ = {isa = PBXFileReference; lastKnownFileType = sourcecode.swift; path = PersonCell.swift; sourceTree = "<group>"; };
		11E353C52450C83E001BD478 /* PeopleRepo.swift */ = {isa = PBXFileReference; lastKnownFileType = sourcecode.swift; path = PeopleRepo.swift; sourceTree = "<group>"; };
/* End PBXFileReference section */

/* Begin PBXFrameworksBuildPhase section */
		11E353A02450BD42001BD478 /* Frameworks */ = {
			isa = PBXFrameworksBuildPhase;
			buildActionMask = 2147483647;
			files = (
			);
			runOnlyForDeploymentPostprocessing = 0;
		};
/* End PBXFrameworksBuildPhase section */

/* Begin PBXGroup section */
		11D21C842450D2AE00C2E48A /* Controller */ = {
			isa = PBXGroup;
			children = (
				11E353AA2450BD42001BD478 /* PeopleController.swift */,
				11D21C852450D35900C2E48A /* AddEditController.swift */,
			);
			path = Controller;
			sourceTree = "<group>";
		};
		11D21C872450D37800C2E48A /* View Model */ = {
			isa = PBXGroup;
			children = (
				11D21C882450D38D00C2E48A /* AddEditViewModel.swift */,
				11D21C8A24519A9300C2E48A /* PeopleViewModel.swift */,
			);
			path = "View Model";
			sourceTree = "<group>";
		};
		11E3539A2450BD42001BD478 = {
			isa = PBXGroup;
			children = (
				11E353A52450BD42001BD478 /* LV2 */,
				11E353A42450BD42001BD478 /* Products */,
			);
			sourceTree = "<group>";
		};
		11E353A42450BD42001BD478 /* Products */ = {
			isa = PBXGroup;
			children = (
				11E353A32450BD42001BD478 /* LV2.app */,
			);
			name = Products;
			sourceTree = "<group>";
		};
		11E353A52450BD42001BD478 /* LV2 */ = {
			isa = PBXGroup;
			children = (
				11D21C872450D37800C2E48A /* View Model */,
				11D21C842450D2AE00C2E48A /* Controller */,
				11E353C42450C832001BD478 /* Repository */,
				11E353BD2450C19E001BD478 /* Utilities */,
				11E353BA2450C15E001BD478 /* Model */,
				11E353A62450BD42001BD478 /* AppDelegate.swift */,
				11E353A82450BD42001BD478 /* SceneDelegate.swift */,
				11E353AC2450BD42001BD478 /* Main.storyboard */,
				11E353AF2450BD45001BD478 /* Assets.xcassets */,
				11E353B12450BD45001BD478 /* LaunchScreen.storyboard */,
				11E353B42450BD45001BD478 /* Info.plist */,
			);
			path = LV2;
			sourceTree = "<group>";
		};
		11E353BA2450C15E001BD478 /* Model */ = {
			isa = PBXGroup;
			children = (
				11E353BB2450C170001BD478 /* InspiringPerson.swift */,
				11E353C22450C1EE001BD478 /* PersonCell.swift */,
			);
			path = Model;
			sourceTree = "<group>";
		};
		11E353BD2450C19E001BD478 /* Utilities */ = {
			isa = PBXGroup;
			children = (
				11E353BE2450C1C7001BD478 /* ImageSaver.swift */,
				11E353C02450C1D6001BD478 /* Helper.swift */,
				11A907342451F0E300D4BF23 /* Extensions.swift */,
			);
			path = Utilities;
			sourceTree = "<group>";
		};
		11E353C42450C832001BD478 /* Repository */ = {
			isa = PBXGroup;
			children = (
				11E353C52450C83E001BD478 /* PeopleRepo.swift */,
			);
			path = Repository;
			sourceTree = "<group>";
		};
/* End PBXGroup section */

/* Begin PBXNativeTarget section */
		11E353A22450BD42001BD478 /* LV2 */ = {
			isa = PBXNativeTarget;
			buildConfigurationList = 11E353B72450BD45001BD478 /* Build configuration list for PBXNativeTarget "LV2" */;
			buildPhases = (
				11E3539F2450BD42001BD478 /* Sources */,
				11E353A02450BD42001BD478 /* Frameworks */,
				11E353A12450BD42001BD478 /* Resources */,
			);
			buildRules = (
			);
			dependencies = (
			);
			name = LV2;
			productName = LV2;
			productReference = 11E353A32450BD42001BD478 /* LV2.app */;
			productType = "com.apple.product-type.application";
		};
/* End PBXNativeTarget section */

/* Begin PBXProject section */
		11E3539B2450BD42001BD478 /* Project object */ = {
			isa = PBXProject;
			attributes = {
				LastSwiftUpdateCheck = 1130;
				LastUpgradeCheck = 1130;
				ORGANIZATIONNAME = "Zvonimir Pavlović";
				TargetAttributes = {
					11E353A22450BD42001BD478 = {
						CreatedOnToolsVersion = 11.3.1;
					};
				};
			};
			buildConfigurationList = 11E3539E2450BD42001BD478 /* Build configuration list for PBXProject "LV2" */;
			compatibilityVersion = "Xcode 9.3";
			developmentRegion = en;
			hasScannedForEncodings = 0;
			knownRegions = (
				en,
				Base,
			);
			mainGroup = 11E3539A2450BD42001BD478;
			productRefGroup = 11E353A42450BD42001BD478 /* Products */;
			projectDirPath = "";
			projectRoot = "";
			targets = (
				11E353A22450BD42001BD478 /* LV2 */,
			);
		};
/* End PBXProject section */

/* Begin PBXResourcesBuildPhase section */
		11E353A12450BD42001BD478 /* Resources */ = {
			isa = PBXResourcesBuildPhase;
			buildActionMask = 2147483647;
			files = (
				11E353B32450BD45001BD478 /* LaunchScreen.storyboard in Resources */,
				11E353B02450BD45001BD478 /* Assets.xcassets in Resources */,
				11E353AE2450BD42001BD478 /* Main.storyboard in Resources */,
			);
			runOnlyForDeploymentPostprocessing = 0;
		};
/* End PBXResourcesBuildPhase section */

/* Begin PBXSourcesBuildPhase section */
		11E3539F2450BD42001BD478 /* Sources */ = {
			isa = PBXSourcesBuildPhase;
			buildActionMask = 2147483647;
			files = (
				11D21C8B24519A9400C2E48A /* PeopleViewModel.swift in Sources */,
				11E353BC2450C170001BD478 /* InspiringPerson.swift in Sources */,
				11E353AB2450BD42001BD478 /* PeopleController.swift in Sources */,
				11E353BF2450C1C7001BD478 /* ImageSaver.swift in Sources */,
				11E353A72450BD42001BD478 /* AppDelegate.swift in Sources */,
				11E353A92450BD42001BD478 /* SceneDelegate.swift in Sources */,
				11E353C12450C1D6001BD478 /* Helper.swift in Sources */,
				11A907352451F0E300D4BF23 /* Extensions.swift in Sources */,
				11D21C892450D38D00C2E48A /* AddEditViewModel.swift in Sources */,
				11D21C862450D35900C2E48A /* AddEditController.swift in Sources */,
				11E353C62450C83E001BD478 /* PeopleRepo.swift in Sources */,
				11E353C32450C1EE001BD478 /* PersonCell.swift in Sources */,
			);
			runOnlyForDeploymentPostprocessing = 0;
		};
/* End PBXSourcesBuildPhase section */

/* Begin PBXVariantGroup section */
		11E353AC2450BD42001BD478 /* Main.storyboard */ = {
			isa = PBXVariantGroup;
			children = (
				11E353AD2450BD42001BD478 /* Base */,
			);
			name = Main.storyboard;
			sourceTree = "<group>";
		};
		11E353B12450BD45001BD478 /* LaunchScreen.storyboard */ = {
			isa = PBXVariantGroup;
			children = (
				11E353B22450BD45001BD478 /* Base */,
			);
			name = LaunchScreen.storyboard;
			sourceTree = "<group>";
		};
/* End PBXVariantGroup section */

/* Begin XCBuildConfiguration section */
		11E353B52450BD45001BD478 /* Debug */ = {
			isa = XCBuildConfiguration;
			buildSettings = {
				ALWAYS_SEARCH_USER_PATHS = NO;
				CLANG_ANALYZER_NONNULL = YES;
				CLANG_ANALYZER_NUMBER_OBJECT_CONVERSION = YES_AGGRESSIVE;
				CLANG_CXX_LANGUAGE_STANDARD = "gnu++14";
				CLANG_CXX_LIBRARY = "libc++";
				CLANG_ENABLE_MODULES = YES;
				CLANG_ENABLE_OBJC_ARC = YES;
				CLANG_ENABLE_OBJC_WEAK = YES;
				CLANG_WARN_BLOCK_CAPTURE_AUTORELEASING = YES;
				CLANG_WARN_BOOL_CONVERSION = YES;
				CLANG_WARN_COMMA = YES;
				CLANG_WARN_CONSTANT_CONVERSION = YES;
				CLANG_WARN_DEPRECATED_OBJC_IMPLEMENTATIONS = YES;
				CLANG_WARN_DIRECT_OBJC_ISA_USAGE = YES_ERROR;
				CLANG_WARN_DOCUMENTATION_COMMENTS = YES;
				CLANG_WARN_EMPTY_BODY = YES;
				CLANG_WARN_ENUM_CONVERSION = YES;
				CLANG_WARN_INFINITE_RECURSION = YES;
				CLANG_WARN_INT_CONVERSION = YES;
				CLANG_WARN_NON_LITERAL_NULL_CONVERSION = YES;
				CLANG_WARN_OBJC_IMPLICIT_RETAIN_SELF = YES;
				CLANG_WARN_OBJC_LITERAL_CONVERSION = YES;
				CLANG_WARN_OBJC_ROOT_CLASS = YES_ERROR;
				CLANG_WARN_RANGE_LOOP_ANALYSIS = YES;
				CLANG_WARN_STRICT_PROTOTYPES = YES;
				CLANG_WARN_SUSPICIOUS_MOVE = YES;
				CLANG_WARN_UNGUARDED_AVAILABILITY = YES_AGGRESSIVE;
				CLANG_WARN_UNREACHABLE_CODE = YES;
				CLANG_WARN__DUPLICATE_METHOD_MATCH = YES;
				COPY_PHASE_STRIP = NO;
				DEBUG_INFORMATION_FORMAT = dwarf;
				ENABLE_STRICT_OBJC_MSGSEND = YES;
				ENABLE_TESTABILITY = YES;
				GCC_C_LANGUAGE_STANDARD = gnu11;
				GCC_DYNAMIC_NO_PIC = NO;
				GCC_NO_COMMON_BLOCKS = YES;
				GCC_OPTIMIZATION_LEVEL = 0;
				GCC_PREPROCESSOR_DEFINITIONS = (
					"DEBUG=1",
					"$(inherited)",
				);
				GCC_WARN_64_TO_32_BIT_CONVERSION = YES;
				GCC_WARN_ABOUT_RETURN_TYPE = YES_ERROR;
				GCC_WARN_UNDECLARED_SELECTOR = YES;
				GCC_WARN_UNINITIALIZED_AUTOS = YES_AGGRESSIVE;
				GCC_WARN_UNUSED_FUNCTION = YES;
				GCC_WARN_UNUSED_VARIABLE = YES;
				IPHONEOS_DEPLOYMENT_TARGET = 13.2;
				MTL_ENABLE_DEBUG_INFO = INCLUDE_SOURCE;
				MTL_FAST_MATH = YES;
				ONLY_ACTIVE_ARCH = YES;
				SDKROOT = iphoneos;
				SWIFT_ACTIVE_COMPILATION_CONDITIONS = DEBUG;
				SWIFT_OPTIMIZATION_LEVEL = "-Onone";
			};
			name = Debug;
		};
		11E353B62450BD45001BD478 /* Release */ = {
			isa = XCBuildConfiguration;
			buildSettings = {
				ALWAYS_SEARCH_USER_PATHS = NO;
				CLANG_ANALYZER_NONNULL = YES;
				CLANG_ANALYZER_NUMBER_OBJECT_CONVERSION = YES_AGGRESSIVE;
				CLANG_CXX_LANGUAGE_STANDARD = "gnu++14";
				CLANG_CXX_LIBRARY = "libc++";
				CLANG_ENABLE_MODULES = YES;
				CLANG_ENABLE_OBJC_ARC = YES;
				CLANG_ENABLE_OBJC_WEAK = YES;
				CLANG_WARN_BLOCK_CAPTURE_AUTORELEASING = YES;
				CLANG_WARN_BOOL_CONVERSION = YES;
				CLANG_WARN_COMMA = YES;
				CLANG_WARN_CONSTANT_CONVERSION = YES;
				CLANG_WARN_DEPRECATED_OBJC_IMPLEMENTATIONS = YES;
				CLANG_WARN_DIRECT_OBJC_ISA_USAGE = YES_ERROR;
				CLANG_WARN_DOCUMENTATION_COMMENTS = YES;
				CLANG_WARN_EMPTY_BODY = YES;
				CLANG_WARN_ENUM_CONVERSION = YES;
				CLANG_WARN_INFINITE_RECURSION = YES;
				CLANG_WARN_INT_CONVERSION = YES;
				CLANG_WARN_NON_LITERAL_NULL_CONVERSION = YES;
				CLANG_WARN_OBJC_IMPLICIT_RETAIN_SELF = YES;
				CLANG_WARN_OBJC_LITERAL_CONVERSION = YES;
				CLANG_WARN_OBJC_ROOT_CLASS = YES_ERROR;
				CLANG_WARN_RANGE_LOOP_ANALYSIS = YES;
				CLANG_WARN_STRICT_PROTOTYPES = YES;
				CLANG_WARN_SUSPICIOUS_MOVE = YES;
				CLANG_WARN_UNGUARDED_AVAILABILITY = YES_AGGRESSIVE;
				CLANG_WARN_UNREACHABLE_CODE = YES;
				CLANG_WARN__DUPLICATE_METHOD_MATCH = YES;
				COPY_PHASE_STRIP = NO;
				DEBUG_INFORMATION_FORMAT = "dwarf-with-dsym";
				ENABLE_NS_ASSERTIONS = NO;
				ENABLE_STRICT_OBJC_MSGSEND = YES;
				GCC_C_LANGUAGE_STANDARD = gnu11;
				GCC_NO_COMMON_BLOCKS = YES;
				GCC_WARN_64_TO_32_BIT_CONVERSION = YES;
				GCC_WARN_ABOUT_RETURN_TYPE = YES_ERROR;
				GCC_WARN_UNDECLARED_SELECTOR = YES;
				GCC_WARN_UNINITIALIZED_AUTOS = YES_AGGRESSIVE;
				GCC_WARN_UNUSED_FUNCTION = YES;
				GCC_WARN_UNUSED_VARIABLE = YES;
				IPHONEOS_DEPLOYMENT_TARGET = 13.2;
				MTL_ENABLE_DEBUG_INFO = NO;
				MTL_FAST_MATH = YES;
				SDKROOT = iphoneos;
				SWIFT_COMPILATION_MODE = wholemodule;
				SWIFT_OPTIMIZATION_LEVEL = "-O";
				VALIDATE_PRODUCT = YES;
			};
			name = Release;
		};
		11E353B82450BD45001BD478 /* Debug */ = {
			isa = XCBuildConfiguration;
			buildSettings = {
				ASSETCATALOG_COMPILER_APPICON_NAME = AppIcon;
				CODE_SIGN_STYLE = Automatic;
				DEVELOPMENT_TEAM = 4JDZ4BJ4PW;
				INFOPLIST_FILE = LV2/Info.plist;
				LD_RUNPATH_SEARCH_PATHS = (
					"$(inherited)",
					"@executable_path/Frameworks",
				);
				PRODUCT_BUNDLE_IDENTIFIER = zvonimirpavlovic.LV2;
				PRODUCT_NAME = "$(TARGET_NAME)";
				SWIFT_VERSION = 5.0;
				TARGETED_DEVICE_FAMILY = "1,2";
			};
			name = Debug;
		};
		11E353B92450BD45001BD478 /* Release */ = {
			isa = XCBuildConfiguration;
			buildSettings = {
				ASSETCATALOG_COMPILER_APPICON_NAME = AppIcon;
				CODE_SIGN_STYLE = Automatic;
				DEVELOPMENT_TEAM = 4JDZ4BJ4PW;
				INFOPLIST_FILE = LV2/Info.plist;
				LD_RUNPATH_SEARCH_PATHS = (
					"$(inherited)",
					"@executable_path/Frameworks",
				);
				PRODUCT_BUNDLE_IDENTIFIER = zvonimirpavlovic.LV2;
				PRODUCT_NAME = "$(TARGET_NAME)";
				SWIFT_VERSION = 5.0;
				TARGETED_DEVICE_FAMILY = "1,2";
			};
			name = Release;
		};
/* End XCBuildConfiguration section */

/* Begin XCConfigurationList section */
		11E3539E2450BD42001BD478 /* Build configuration list for PBXProject "LV2" */ = {
			isa = XCConfigurationList;
			buildConfigurations = (
				11E353B52450BD45001BD478 /* Debug */,
				11E353B62450BD45001BD478 /* Release */,
			);
			defaultConfigurationIsVisible = 0;
			defaultConfigurationName = Release;
		};
		11E353B72450BD45001BD478 /* Build configuration list for PBXNativeTarget "LV2" */ = {
			isa = XCConfigurationList;
			buildConfigurations = (
				11E353B82450BD45001BD478 /* Debug */,
				11E353B92450BD45001BD478 /* Release */,
			);
			defaultConfigurationIsVisible = 0;
			defaultConfigurationName = Release;
		};
/* End XCConfigurationList section */
	};
	rootObject = 11E3539B2450BD42001BD478 /* Project object */;
}
